
Microsoft Visual Studio Solution File, Format Version 12.00
# Visual Studio 15
VisualStudioVersion = 15.0.28010.2041
MinimumVisualStudioVersion = 10.0.40219.1
Project("{9A19103F-16F7-4668-BE54-9A1E7A4F7556}") = "OnTrac.Integration.Server", "OnTrac.Integration.Server\OnTrac.Integration.Server.csproj", "{68FA2BDD-BF4A-477E-B650-94CC87DED991}"
EndProject
Project("{2150E333-8FDC-42A3-9474-1A3956D46DE8}") = "src", "src", "{EF7C4878-C339-49EC-B23A-B3B57614EAC9}"
EndProject
Project("{2150E333-8FDC-42A3-9474-1A3956D46DE8}") = "tests", "tests", "{F3535A7D-CC3D-41DE-8A91-1F7159F77A0D}"
EndProject
Project("{9A19103F-16F7-4668-BE54-9A1E7A4F7556}") = "OnTrac.Integration.Server.Tests", "OnTrac.Integration.Server.Tests\OnTrac.Integration.Server.Tests.csproj", "{D4141409-6965-42EF-A396-2295EBF1B4E0}"
EndProject
Project("{9A19103F-16F7-4668-BE54-9A1E7A4F7556}") = "OnTrac.Integration.Server.Core", "OnTrac.Integration.Server.Core\OnTrac.Integration.Server.Core.csproj", "{0E819134-92C4-44E1-B8BC-61791BE24136}"
EndProject
Project("{FAE04EC0-301F-11D3-BF4B-00C04F79EFBC}") = "OnTrac.Integration.ComponentHost", "OnTrac.Integration.ComponentHost\OnTrac.Integration.ComponentHost.csproj", "{EEB9A520-A53B-46A6-9526-6F2DAAFC0A91}"
EndProject
Global
	GlobalSection(SolutionConfigurationPlatforms) = preSolution
		Debug|Any CPU = Debug|Any CPU
		Release|Any CPU = Release|Any CPU
	EndGlobalSection
	GlobalSection(ProjectConfigurationPlatforms) = postSolution
		{68FA2BDD-BF4A-477E-B650-94CC87DED991}.Debug|Any CPU.ActiveCfg = Debug|Any CPU
		{68FA2BDD-BF4A-477E-B650-94CC87DED991}.Debug|Any CPU.Build.0 = Debug|Any CPU
		{68FA2BDD-BF4A-477E-B650-94CC87DED991}.Release|Any CPU.ActiveCfg = Release|Any CPU
		{68FA2BDD-BF4A-477E-B650-94CC87DED991}.Release|Any CPU.Build.0 = Release|Any CPU
		{D4141409-6965-42EF-A396-2295EBF1B4E0}.Debug|Any CPU.ActiveCfg = Debug|Any CPU
		{D4141409-6965-42EF-A396-2295EBF1B4E0}.Debug|Any CPU.Build.0 = Debug|Any CPU
		{D4141409-6965-42EF-A396-2295EBF1B4E0}.Release|Any CPU.ActiveCfg = Release|Any CPU
		{D4141409-6965-42EF-A396-2295EBF1B4E0}.Release|Any CPU.Build.0 = Release|Any CPU
		{0E819134-92C4-44E1-B8BC-61791BE24136}.Debug|Any CPU.ActiveCfg = Debug|Any CPU
		{0E819134-92C4-44E1-B8BC-61791BE24136}.Debug|Any CPU.Build.0 = Debug|Any CPU
		{0E819134-92C4-44E1-B8BC-61791BE24136}.Release|Any CPU.ActiveCfg = Release|Any CPU
		{0E819134-92C4-44E1-B8BC-61791BE24136}.Release|Any CPU.Build.0 = Release|Any CPU
		{EEB9A520-A53B-46A6-9526-6F2DAAFC0A91}.Debug|Any CPU.ActiveCfg = Debug|Any CPU
		{EEB9A520-A53B-46A6-9526-6F2DAAFC0A91}.Debug|Any CPU.Build.0 = Debug|Any CPU
		{EEB9A520-A53B-46A6-9526-6F2DAAFC0A91}.Release|Any CPU.ActiveCfg = Release|Any CPU
		{EEB9A520-A53B-46A6-9526-6F2DAAFC0A91}.Release|Any CPU.Build.0 = Release|Any CPU
	EndGlobalSection
	GlobalSection(SolutionProperties) = preSolution
		HideSolutionNode = FALSE
	EndGlobalSection
	GlobalSection(NestedProjects) = preSolution
		{68FA2BDD-BF4A-477E-B650-94CC87DED991} = {EF7C4878-C339-49EC-B23A-B3B57614EAC9}
		{D4141409-6965-42EF-A396-2295EBF1B4E0} = {F3535A7D-CC3D-41DE-8A91-1F7159F77A0D}
		{0E819134-92C4-44E1-B8BC-61791BE24136} = {EF7C4878-C339-49EC-B23A-B3B57614EAC9}
		{EEB9A520-A53B-46A6-9526-6F2DAAFC0A91} = {EF7C4878-C339-49EC-B23A-B3B57614EAC9}
	EndGlobalSection
	GlobalSection(ExtensibilityGlobals) = postSolution
		SolutionGuid = {0E2E4AEE-F01C-41F1-972E-498CC1FE84A6}
	EndGlobalSection
EndGlobal
