
Microsoft Visual Studio Solution File, Format Version 12.00
# Visual Studio 15
VisualStudioVersion = 15.0.28307.168
MinimumVisualStudioVersion = 10.0.40219.1
Project("{FAE04EC0-301F-11D3-BF4B-00C04F79EFBC}") = "TDIE.NodeApi", "TDIE.NodeApi\TDIE.NodeApi.csproj", "{909D69AB-CB4C-4110-A5E4-FD61DFC93A87}"
EndProject
Global
	GlobalSection(SolutionConfigurationPlatforms) = preSolution
		Debug|Any CPU = Debug|Any CPU
		Release|Any CPU = Release|Any CPU
	EndGlobalSection
	GlobalSection(ProjectConfigurationPlatforms) = postSolution
		{909D69AB-CB4C-4110-A5E4-FD61DFC93A87}.Debug|Any CPU.ActiveCfg = Debug|Any CPU
		{909D69AB-CB4C-4110-A5E4-FD61DFC93A87}.Debug|Any CPU.Build.0 = Debug|Any CPU
		{909D69AB-CB4C-4110-A5E4-FD61DFC93A87}.Release|Any CPU.ActiveCfg = Release|Any CPU
		{909D69AB-CB4C-4110-A5E4-FD61DFC93A87}.Release|Any CPU.Build.0 = Release|Any CPU
	EndGlobalSection
	GlobalSection(SolutionProperties) = preSolution
		HideSolutionNode = FALSE
	EndGlobalSection
	GlobalSection(ExtensibilityGlobals) = postSolution
		SolutionGuid = {583EDB82-0721-42E8-B8AA-AD316F31B1FE}
	EndGlobalSection
EndGlobal
